<?xml version="1.0" encoding="UTF-8"?>
<CodeBlocks_project_file>
	<FileVersion major="1" minor="6"/>
	<Project>
		<Option title="program"/>
		<Option makefile_is_custom="1"/>
		<Option compiler="msvc8"/>
		<Option virtualFolders="CMake Files\;"/>
		<Build>
			<Target title="all">
				<Option working_dir="C:/ABCgpp"/>
				<Option type="4"/>
				<MakeCommands>
					<Build command="nmake /NOLOGO /f C:\ABCgpp\Makefile VERBOSE=1 all"/>
					<CompileFile command="nmake /NOLOGO /f C:\ABCgpp\Makefile VERBOSE=1 &quot;$file&quot;"/>
					<Clean command="nmake /NOLOGO /f C:\ABCgpp\Makefile VERBOSE=1 clean"/>
					<DistClean command="nmake /NOLOGO /f C:\ABCgpp\Makefile VERBOSE=1 clean"/>
				</MakeCommands>
			</Target>
			<Target title="program">
				<Option output="C:/ABCgpp/bin/program.exe" prefix_auto="0" extension_auto="0"/>
				<Option working_dir="C:/ABCgpp/bin"/>
				<Option object_output="./"/>
				<Option type="1"/>
				<Option compiler="msvc8"/>
				<Compiler>
					<Add directory="C:\Program Files (x86)\Microsoft Visual Studio\2019\Enterprise\VC\Tools\MSVC\14.27.29110\ATLMFC\include"/>
					<Add directory="C:\Program Files (x86)\Microsoft Visual Studio\2019\Enterprise\VC\Tools\MSVC\14.27.29110\include"/>
					<Add directory="C:\Program Files (x86)\Windows Kits\NETFXSDK\4.8\include\um"/>
					<Add directory="C:\Program Files (x86)\Windows Kits\10\include\10.0.18362.0\ucrt"/>
					<Add directory="C:\Program Files (x86)\Windows Kits\10\include\10.0.18362.0\shared"/>
					<Add directory="C:\Program Files (x86)\Windows Kits\10\include\10.0.18362.0\um"/>
					<Add directory="C:\Program Files (x86)\Windows Kits\10\include\10.0.18362.0\winrt"/>
					<Add directory="C:\Program Files (x86)\Windows Kits\10\include\10.0.18362.0\cppwinrt"/>
				</Compiler>
				<MakeCommands>
					<Build command="nmake /NOLOGO /f C:\ABCgpp\Makefile VERBOSE=1 program"/>
					<CompileFile command="nmake /NOLOGO /f C:\ABCgpp\Makefile VERBOSE=1 &quot;$file&quot;"/>
					<Clean command="nmake /NOLOGO /f C:\ABCgpp\Makefile VERBOSE=1 clean"/>
					<DistClean command="nmake /NOLOGO /f C:\ABCgpp\Makefile VERBOSE=1 clean"/>
				</MakeCommands>
			</Target>
			<Target title="program/fast">
				<Option output="C:/ABCgpp/bin/program.exe" prefix_auto="0" extension_auto="0"/>
				<Option working_dir="C:/ABCgpp/bin"/>
				<Option object_output="./"/>
				<Option type="1"/>
				<Option compiler="msvc8"/>
				<Compiler>
					<Add directory="C:\Program Files (x86)\Microsoft Visual Studio\2019\Enterprise\VC\Tools\MSVC\14.27.29110\ATLMFC\include"/>
					<Add directory="C:\Program Files (x86)\Microsoft Visual Studio\2019\Enterprise\VC\Tools\MSVC\14.27.29110\include"/>
					<Add directory="C:\Program Files (x86)\Windows Kits\NETFXSDK\4.8\include\um"/>
					<Add directory="C:\Program Files (x86)\Windows Kits\10\include\10.0.18362.0\ucrt"/>
					<Add directory="C:\Program Files (x86)\Windows Kits\10\include\10.0.18362.0\shared"/>
					<Add directory="C:\Program Files (x86)\Windows Kits\10\include\10.0.18362.0\um"/>
					<Add directory="C:\Program Files (x86)\Windows Kits\10\include\10.0.18362.0\winrt"/>
					<Add directory="C:\Program Files (x86)\Windows Kits\10\include\10.0.18362.0\cppwinrt"/>
				</Compiler>
				<MakeCommands>
					<Build command="nmake /NOLOGO /f C:\ABCgpp\Makefile VERBOSE=1 program/fast"/>
					<CompileFile command="nmake /NOLOGO /f C:\ABCgpp\Makefile VERBOSE=1 &quot;$file&quot;"/>
					<Clean command="nmake /NOLOGO /f C:\ABCgpp\Makefile VERBOSE=1 clean"/>
					<DistClean command="nmake /NOLOGO /f C:\ABCgpp\Makefile VERBOSE=1 clean"/>
				</MakeCommands>
			</Target>
			<Target title="edit_cache">
				<Option working_dir="C:/ABCgpp"/>
				<Option type="4"/>
				<MakeCommands>
					<Build command="nmake /NOLOGO /f C:\ABCgpp\Makefile VERBOSE=1 edit_cache"/>
					<CompileFile command="nmake /NOLOGO /f C:\ABCgpp\Makefile VERBOSE=1 &quot;$file&quot;"/>
					<Clean command="nmake /NOLOGO /f C:\ABCgpp\Makefile VERBOSE=1 clean"/>
					<DistClean command="nmake /NOLOGO /f C:\ABCgpp\Makefile VERBOSE=1 clean"/>
				</MakeCommands>
			</Target>
			<Target title="rebuild_cache">
				<Option working_dir="C:/ABCgpp"/>
				<Option type="4"/>
				<MakeCommands>
					<Build command="nmake /NOLOGO /f C:\ABCgpp\Makefile VERBOSE=1 rebuild_cache"/>
					<CompileFile command="nmake /NOLOGO /f C:\ABCgpp\Makefile VERBOSE=1 &quot;$file&quot;"/>
					<Clean command="nmake /NOLOGO /f C:\ABCgpp\Makefile VERBOSE=1 clean"/>
					<DistClean command="nmake /NOLOGO /f C:\ABCgpp\Makefile VERBOSE=1 clean"/>
				</MakeCommands>
			</Target>
		</Build>
		<Unit filename="C:/ABCgpp/algorithms/algorithms.cpp">
			<Option target="program"/>
		</Unit>
		<Unit filename="C:/ABCgpp/algorithms/algorithms.h">
			<Option target="program"/>
		</Unit>
		<Unit filename="C:/ABCgpp/container/container.cpp">
			<Option target="program"/>
		</Unit>
		<Unit filename="C:/ABCgpp/container/container.h">
			<Option target="program"/>
		</Unit>
		<Unit filename="C:/ABCgpp/main.cpp">
			<Option target="program"/>
		</Unit>
		<Unit filename="C:/ABCgpp/models/Flower.cpp">
			<Option target="program"/>
		</Unit>
		<Unit filename="C:/ABCgpp/models/Flower.h">
			<Option target="program"/>
		</Unit>
		<Unit filename="C:/ABCgpp/models/Plant.cpp">
			<Option target="program"/>
		</Unit>
		<Unit filename="C:/ABCgpp/models/Plant.h">
			<Option target="program"/>
		</Unit>
		<Unit filename="C:/ABCgpp/models/Shrub.cpp">
			<Option target="program"/>
		</Unit>
		<Unit filename="C:/ABCgpp/models/Shrub.h">
			<Option target="program"/>
		</Unit>
		<Unit filename="C:/ABCgpp/models/Tree.cpp">
			<Option target="program"/>
		</Unit>
		<Unit filename="C:/ABCgpp/models/Tree.h">
			<Option target="program"/>
		</Unit>
		<Unit filename="C:/ABCgpp/utils/utils.cpp">
			<Option target="program"/>
		</Unit>
		<Unit filename="C:/ABCgpp/utils/utils.h">
			<Option target="program"/>
		</Unit>
		<Unit filename="C:/ABCgpp/CMakeLists.txt">
			<Option virtualFolder="CMake Files\"/>
		</Unit>
	</Project>
</CodeBlocks_project_file>
